
Microsoft Visual Studio Solution File, Format Version 12.00
# Visual Studio Version 16
VisualStudioVersion = 16.0.31424.327
MinimumVisualStudioVersion = 10.0.40219.1
Project("{FAE04EC0-301F-11D3-BF4B-00C04F79EFBC}") = "TheaterTicketReservation.Api", "TheaterTicketReservationApp\TheaterTicketReservation.Api.csproj", "{AD99EADA-0E30-4C8A-9BFD-5CE35C2B8FB7}"
EndProject
Project("{FAE04EC0-301F-11D3-BF4B-00C04F79EFBC}") = "TheaterTicketReservation.BL", "TheaterTicketReservation.Business\TheaterTicketReservation.BL.csproj", "{71C267A8-59F8-4705-8B23-DCA36DCC01AD}"
EndProject
Project("{FAE04EC0-301F-11D3-BF4B-00C04F79EFBC}") = "TheaterTicketReservation.DAL", "TheaterTicketReservation.Data\TheaterTicketReservation.DAL.csproj", "{B6D66549-CF58-4730-80A1-65FB5DB2DEFB}"
EndProject
Global
	GlobalSection(SolutionConfigurationPlatforms) = preSolution
		Debug|Any CPU = Debug|Any CPU
		Release|Any CPU = Release|Any CPU
	EndGlobalSection
	GlobalSection(ProjectConfigurationPlatforms) = postSolution
		{AD99EADA-0E30-4C8A-9BFD-5CE35C2B8FB7}.Debug|Any CPU.ActiveCfg = Debug|Any CPU
		{AD99EADA-0E30-4C8A-9BFD-5CE35C2B8FB7}.Debug|Any CPU.Build.0 = Debug|Any CPU
		{AD99EADA-0E30-4C8A-9BFD-5CE35C2B8FB7}.Release|Any CPU.ActiveCfg = Release|Any CPU
		{AD99EADA-0E30-4C8A-9BFD-5CE35C2B8FB7}.Release|Any CPU.Build.0 = Release|Any CPU
		{71C267A8-59F8-4705-8B23-DCA36DCC01AD}.Debug|Any CPU.ActiveCfg = Debug|Any CPU
		{71C267A8-59F8-4705-8B23-DCA36DCC01AD}.Debug|Any CPU.Build.0 = Debug|Any CPU
		{71C267A8-59F8-4705-8B23-DCA36DCC01AD}.Release|Any CPU.ActiveCfg = Release|Any CPU
		{71C267A8-59F8-4705-8B23-DCA36DCC01AD}.Release|Any CPU.Build.0 = Release|Any CPU
		{B6D66549-CF58-4730-80A1-65FB5DB2DEFB}.Debug|Any CPU.ActiveCfg = Debug|Any CPU
		{B6D66549-CF58-4730-80A1-65FB5DB2DEFB}.Debug|Any CPU.Build.0 = Debug|Any CPU
		{B6D66549-CF58-4730-80A1-65FB5DB2DEFB}.Release|Any CPU.ActiveCfg = Release|Any CPU
		{B6D66549-CF58-4730-80A1-65FB5DB2DEFB}.Release|Any CPU.Build.0 = Release|Any CPU
	EndGlobalSection
	GlobalSection(SolutionProperties) = preSolution
		HideSolutionNode = FALSE
	EndGlobalSection
	GlobalSection(ExtensibilityGlobals) = postSolution
		SolutionGuid = {01679D05-E6DF-4616-A8C2-91B53AF4A36F}
	EndGlobalSection
EndGlobal
